
Microsoft Visual Studio Solution File, Format Version 12.00
# Visual Studio 14
VisualStudioVersion = 14.0.24720.0
MinimumVisualStudioVersion = 10.0.40219.1
Project("{D954291E-2A0B-460D-934E-DC6B0785DB48}") = "SQLI_CrossAR", "SQLI_CrossAR\SQLI_CrossAR\SQLI_CrossAR.shproj", "{10CD69B8-4144-4DE8-8095-0EAE87F3C337}"
EndProject
Project("{FAE04EC0-301F-11D3-BF4B-00C04F79EFBC}") = "SQLI_CrossAR.WinPhone", "SQLI_CrossAR\SQLI_CrossAR.WinPhone\SQLI_CrossAR.WinPhone.csproj", "{DB67D196-9375-4860-BD6D-AACEFDD1D35F}"
EndProject
Project("{FAE04EC0-301F-11D3-BF4B-00C04F79EFBC}") = "SQLI_CrossAR.iOS", "SQLI_CrossAR\SQLI_CrossAR.iOS\SQLI_CrossAR.iOS.csproj", "{874DE808-8B86-4A78-9879-AE7216E44491}"
EndProject
Project("{FAE04EC0-301F-11D3-BF4B-00C04F79EFBC}") = "SQLI_CrossAR.Droid", "SQLI_CrossAR\SQLI_CrossAR.Droid\SQLI_CrossAR.Droid.csproj", "{8F373246-8DA5-430D-855F-78E12F599587}"
EndProject
Project("{FAE04EC0-301F-11D3-BF4B-00C04F79EFBC}") = "UnitTestApp", "UnitTestApp\UnitTestApp.csproj", "{F0341589-B966-42B5-9A74-5986338BE2A7}"
EndProject
Global
	GlobalSection(SharedMSBuildProjectFiles) = preSolution
		SQLI_CrossAR\SQLI_CrossAR\SQLI_CrossAR.projitems*{874de808-8b86-4a78-9879-ae7216e44491}*SharedItemsImports = 4
		SQLI_CrossAR\SQLI_CrossAR\SQLI_CrossAR.projitems*{db67d196-9375-4860-bd6d-aacefdd1d35f}*SharedItemsImports = 4
		SQLI_CrossAR\SQLI_CrossAR\SQLI_CrossAR.projitems*{f0341589-b966-42b5-9a74-5986338be2a7}*SharedItemsImports = 4
		SQLI_CrossAR\SQLI_CrossAR\SQLI_CrossAR.projitems*{10cd69b8-4144-4de8-8095-0eae87f3c337}*SharedItemsImports = 13
		SQLI_CrossAR\SQLI_CrossAR\SQLI_CrossAR.projitems*{8f373246-8da5-430d-855f-78e12f599587}*SharedItemsImports = 4
	EndGlobalSection
	GlobalSection(SolutionConfigurationPlatforms) = preSolution
		Ad-Hoc|Any CPU = Ad-Hoc|Any CPU
		Ad-Hoc|ARM = Ad-Hoc|ARM
		Ad-Hoc|iPhone = Ad-Hoc|iPhone
		Ad-Hoc|iPhoneSimulator = Ad-Hoc|iPhoneSimulator
		Ad-Hoc|x86 = Ad-Hoc|x86
		AppStore|Any CPU = AppStore|Any CPU
		AppStore|ARM = AppStore|ARM
		AppStore|iPhone = AppStore|iPhone
		AppStore|iPhoneSimulator = AppStore|iPhoneSimulator
		AppStore|x86 = AppStore|x86
		Debug|Any CPU = Debug|Any CPU
		Debug|ARM = Debug|ARM
		Debug|iPhone = Debug|iPhone
		Debug|iPhoneSimulator = Debug|iPhoneSimulator
		Debug|x86 = Debug|x86
		Release|Any CPU = Release|Any CPU
		Release|ARM = Release|ARM
		Release|iPhone = Release|iPhone
		Release|iPhoneSimulator = Release|iPhoneSimulator
		Release|x86 = Release|x86
	EndGlobalSection
	GlobalSection(ProjectConfigurationPlatforms) = postSolution
		{DB67D196-9375-4860-BD6D-AACEFDD1D35F}.Ad-Hoc|Any CPU.ActiveCfg = Release|Any CPU
		{DB67D196-9375-4860-BD6D-AACEFDD1D35F}.Ad-Hoc|Any CPU.Build.0 = Release|Any CPU
		{DB67D196-9375-4860-BD6D-AACEFDD1D35F}.Ad-Hoc|Any CPU.Deploy.0 = Release|Any CPU
		{DB67D196-9375-4860-BD6D-AACEFDD1D35F}.Ad-Hoc|ARM.ActiveCfg = Release|ARM
		{DB67D196-9375-4860-BD6D-AACEFDD1D35F}.Ad-Hoc|ARM.Build.0 = Release|ARM
		{DB67D196-9375-4860-BD6D-AACEFDD1D35F}.Ad-Hoc|ARM.Deploy.0 = Release|ARM
		{DB67D196-9375-4860-BD6D-AACEFDD1D35F}.Ad-Hoc|iPhone.ActiveCfg = Release|Any CPU
		{DB67D196-9375-4860-BD6D-AACEFDD1D35F}.Ad-Hoc|iPhone.Build.0 = Release|Any CPU
		{DB67D196-9375-4860-BD6D-AACEFDD1D35F}.Ad-Hoc|iPhone.Deploy.0 = Release|Any CPU
		{DB67D196-9375-4860-BD6D-AACEFDD1D35F}.Ad-Hoc|iPhoneSimulator.ActiveCfg = Release|Any CPU
		{DB67D196-9375-4860-BD6D-AACEFDD1D35F}.Ad-Hoc|iPhoneSimulator.Build.0 = Release|Any CPU
		{DB67D196-9375-4860-BD6D-AACEFDD1D35F}.Ad-Hoc|iPhoneSimulator.Deploy.0 = Release|Any CPU
		{DB67D196-9375-4860-BD6D-AACEFDD1D35F}.Ad-Hoc|x86.ActiveCfg = Release|x86
		{DB67D196-9375-4860-BD6D-AACEFDD1D35F}.Ad-Hoc|x86.Build.0 = Release|x86
		{DB67D196-9375-4860-BD6D-AACEFDD1D35F}.Ad-Hoc|x86.Deploy.0 = Release|x86
		{DB67D196-9375-4860-BD6D-AACEFDD1D35F}.AppStore|Any CPU.ActiveCfg = Release|Any CPU
		{DB67D196-9375-4860-BD6D-AACEFDD1D35F}.AppStore|Any CPU.Build.0 = Release|Any CPU
		{DB67D196-9375-4860-BD6D-AACEFDD1D35F}.AppStore|Any CPU.Deploy.0 = Release|Any CPU
		{DB67D196-9375-4860-BD6D-AACEFDD1D35F}.AppStore|ARM.ActiveCfg = Release|ARM
		{DB67D196-9375-4860-BD6D-AACEFDD1D35F}.AppStore|ARM.Build.0 = Release|ARM
		{DB67D196-9375-4860-BD6D-AACEFDD1D35F}.AppStore|ARM.Deploy.0 = Release|ARM
		{DB67D196-9375-4860-BD6D-AACEFDD1D35F}.AppStore|iPhone.ActiveCfg = Release|Any CPU
		{DB67D196-9375-4860-BD6D-AACEFDD1D35F}.AppStore|iPhone.Build.0 = Release|Any CPU
		{DB67D196-9375-4860-BD6D-AACEFDD1D35F}.AppStore|iPhone.Deploy.0 = Release|Any CPU
		{DB67D196-9375-4860-BD6D-AACEFDD1D35F}.AppStore|iPhoneSimulator.ActiveCfg = Release|Any CPU
		{DB67D196-9375-4860-BD6D-AACEFDD1D35F}.AppStore|iPhoneSimulator.Build.0 = Release|Any CPU
		{DB67D196-9375-4860-BD6D-AACEFDD1D35F}.AppStore|iPhoneSimulator.Deploy.0 = Release|Any CPU
		{DB67D196-9375-4860-BD6D-AACEFDD1D35F}.AppStore|x86.ActiveCfg = Release|x86
		{DB67D196-9375-4860-BD6D-AACEFDD1D35F}.AppStore|x86.Build.0 = Release|x86
		{DB67D196-9375-4860-BD6D-AACEFDD1D35F}.AppStore|x86.Deploy.0 = Release|x86
		{DB67D196-9375-4860-BD6D-AACEFDD1D35F}.Debug|Any CPU.ActiveCfg = Debug|Any CPU
		{DB67D196-9375-4860-BD6D-AACEFDD1D35F}.Debug|ARM.ActiveCfg = Debug|ARM
		{DB67D196-9375-4860-BD6D-AACEFDD1D35F}.Debug|ARM.Build.0 = Debug|ARM
		{DB67D196-9375-4860-BD6D-AACEFDD1D35F}.Debug|ARM.Deploy.0 = Debug|ARM
		{DB67D196-9375-4860-BD6D-AACEFDD1D35F}.Debug|iPhone.ActiveCfg = Debug|Any CPU
		{DB67D196-9375-4860-BD6D-AACEFDD1D35F}.Debug|iPhone.Build.0 = Debug|Any CPU
		{DB67D196-9375-4860-BD6D-AACEFDD1D35F}.Debug|iPhone.Deploy.0 = Debug|Any CPU
		{DB67D196-9375-4860-BD6D-AACEFDD1D35F}.Debug|iPhoneSimulator.ActiveCfg = Debug|Any CPU
		{DB67D196-9375-4860-BD6D-AACEFDD1D35F}.Debug|iPhoneSimulator.Build.0 = Debug|Any CPU
		{DB67D196-9375-4860-BD6D-AACEFDD1D35F}.Debug|iPhoneSimulator.Deploy.0 = Debug|Any CPU
		{DB67D196-9375-4860-BD6D-AACEFDD1D35F}.Debug|x86.ActiveCfg = Debug|x86
		{DB67D196-9375-4860-BD6D-AACEFDD1D35F}.Debug|x86.Build.0 = Debug|x86
		{DB67D196-9375-4860-BD6D-AACEFDD1D35F}.Debug|x86.Deploy.0 = Debug|x86
		{DB67D196-9375-4860-BD6D-AACEFDD1D35F}.Release|Any CPU.ActiveCfg = Release|Any CPU
		{DB67D196-9375-4860-BD6D-AACEFDD1D35F}.Release|Any CPU.Build.0 = Release|Any CPU
		{DB67D196-9375-4860-BD6D-AACEFDD1D35F}.Release|Any CPU.Deploy.0 = Release|Any CPU
		{DB67D196-9375-4860-BD6D-AACEFDD1D35F}.Release|ARM.ActiveCfg = Release|ARM
		{DB67D196-9375-4860-BD6D-AACEFDD1D35F}.Release|ARM.Build.0 = Release|ARM
		{DB67D196-9375-4860-BD6D-AACEFDD1D35F}.Release|ARM.Deploy.0 = Release|ARM
		{DB67D196-9375-4860-BD6D-AACEFDD1D35F}.Release|iPhone.ActiveCfg = Release|Any CPU
		{DB67D196-9375-4860-BD6D-AACEFDD1D35F}.Release|iPhone.Build.0 = Release|Any CPU
		{DB67D196-9375-4860-BD6D-AACEFDD1D35F}.Release|iPhone.Deploy.0 = Release|Any CPU
		{DB67D196-9375-4860-BD6D-AACEFDD1D35F}.Release|iPhoneSimulator.ActiveCfg = Release|Any CPU
		{DB67D196-9375-4860-BD6D-AACEFDD1D35F}.Release|iPhoneSimulator.Build.0 = Release|Any CPU
		{DB67D196-9375-4860-BD6D-AACEFDD1D35F}.Release|iPhoneSimulator.Deploy.0 = Release|Any CPU
		{DB67D196-9375-4860-BD6D-AACEFDD1D35F}.Release|x86.ActiveCfg = Release|x86
		{DB67D196-9375-4860-BD6D-AACEFDD1D35F}.Release|x86.Build.0 = Release|x86
		{DB67D196-9375-4860-BD6D-AACEFDD1D35F}.Release|x86.Deploy.0 = Release|x86
		{874DE808-8B86-4A78-9879-AE7216E44491}.Ad-Hoc|Any CPU.ActiveCfg = Ad-Hoc|iPhone
		{874DE808-8B86-4A78-9879-AE7216E44491}.Ad-Hoc|ARM.ActiveCfg = Ad-Hoc|iPhone
		{874DE808-8B86-4A78-9879-AE7216E44491}.Ad-Hoc|iPhone.ActiveCfg = Ad-Hoc|iPhone
		{874DE808-8B86-4A78-9879-AE7216E44491}.Ad-Hoc|iPhone.Build.0 = Ad-Hoc|iPhone
		{874DE808-8B86-4A78-9879-AE7216E44491}.Ad-Hoc|iPhoneSimulator.ActiveCfg = Ad-Hoc|iPhoneSimulator
		{874DE808-8B86-4A78-9879-AE7216E44491}.Ad-Hoc|iPhoneSimulator.Build.0 = Ad-Hoc|iPhoneSimulator
		{874DE808-8B86-4A78-9879-AE7216E44491}.Ad-Hoc|x86.ActiveCfg = Ad-Hoc|iPhone
		{874DE808-8B86-4A78-9879-AE7216E44491}.AppStore|Any CPU.ActiveCfg = AppStore|iPhone
		{874DE808-8B86-4A78-9879-AE7216E44491}.AppStore|ARM.ActiveCfg = AppStore|iPhone
		{874DE808-8B86-4A78-9879-AE7216E44491}.AppStore|iPhone.ActiveCfg = AppStore|iPhone
		{874DE808-8B86-4A78-9879-AE7216E44491}.AppStore|iPhone.Build.0 = AppStore|iPhone
		{874DE808-8B86-4A78-9879-AE7216E44491}.AppStore|iPhoneSimulator.ActiveCfg = AppStore|iPhoneSimulator
		{874DE808-8B86-4A78-9879-AE7216E44491}.AppStore|iPhoneSimulator.Build.0 = AppStore|iPhoneSimulator
		{874DE808-8B86-4A78-9879-AE7216E44491}.AppStore|x86.ActiveCfg = AppStore|iPhone
		{874DE808-8B86-4A78-9879-AE7216E44491}.Debug|Any CPU.ActiveCfg = Debug|iPhone
		{874DE808-8B86-4A78-9879-AE7216E44491}.Debug|ARM.ActiveCfg = Debug|iPhone
		{874DE808-8B86-4A78-9879-AE7216E44491}.Debug|iPhone.ActiveCfg = Debug|iPhone
		{874DE808-8B86-4A78-9879-AE7216E44491}.Debug|iPhone.Build.0 = Debug|iPhone
		{874DE808-8B86-4A78-9879-AE7216E44491}.Debug|iPhoneSimulator.ActiveCfg = Debug|iPhoneSimulator
		{874DE808-8B86-4A78-9879-AE7216E44491}.Debug|iPhoneSimulator.Build.0 = Debug|iPhoneSimulator
		{874DE808-8B86-4A78-9879-AE7216E44491}.Debug|x86.ActiveCfg = Debug|iPhone
		{874DE808-8B86-4A78-9879-AE7216E44491}.Release|Any CPU.ActiveCfg = Release|iPhone
		{874DE808-8B86-4A78-9879-AE7216E44491}.Release|ARM.ActiveCfg = Release|iPhone
		{874DE808-8B86-4A78-9879-AE7216E44491}.Release|iPhone.ActiveCfg = Release|iPhone
		{874DE808-8B86-4A78-9879-AE7216E44491}.Release|iPhone.Build.0 = Release|iPhone
		{874DE808-8B86-4A78-9879-AE7216E44491}.Release|iPhoneSimulator.ActiveCfg = Release|iPhoneSimulator
		{874DE808-8B86-4A78-9879-AE7216E44491}.Release|iPhoneSimulator.Build.0 = Release|iPhoneSimulator
		{874DE808-8B86-4A78-9879-AE7216E44491}.Release|x86.ActiveCfg = Release|iPhone
		{8F373246-8DA5-430D-855F-78E12F599587}.Ad-Hoc|Any CPU.ActiveCfg = Release|Any CPU
		{8F373246-8DA5-430D-855F-78E12F599587}.Ad-Hoc|Any CPU.Build.0 = Release|Any CPU
		{8F373246-8DA5-430D-855F-78E12F599587}.Ad-Hoc|Any CPU.Deploy.0 = Release|Any CPU
		{8F373246-8DA5-430D-855F-78E12F599587}.Ad-Hoc|ARM.ActiveCfg = Release|Any CPU
		{8F373246-8DA5-430D-855F-78E12F599587}.Ad-Hoc|ARM.Build.0 = Release|Any CPU
		{8F373246-8DA5-430D-855F-78E12F599587}.Ad-Hoc|ARM.Deploy.0 = Release|Any CPU
		{8F373246-8DA5-430D-855F-78E12F599587}.Ad-Hoc|iPhone.ActiveCfg = Release|Any CPU
		{8F373246-8DA5-430D-855F-78E12F599587}.Ad-Hoc|iPhone.Build.0 = Release|Any CPU
		{8F373246-8DA5-430D-855F-78E12F599587}.Ad-Hoc|iPhone.Deploy.0 = Release|Any CPU
		{8F373246-8DA5-430D-855F-78E12F599587}.Ad-Hoc|iPhoneSimulator.ActiveCfg = Release|Any CPU
		{8F373246-8DA5-430D-855F-78E12F599587}.Ad-Hoc|iPhoneSimulator.Build.0 = Release|Any CPU
		{8F373246-8DA5-430D-855F-78E12F599587}.Ad-Hoc|iPhoneSimulator.Deploy.0 = Release|Any CPU
		{8F373246-8DA5-430D-855F-78E12F599587}.Ad-Hoc|x86.ActiveCfg = Release|Any CPU
		{8F373246-8DA5-430D-855F-78E12F599587}.Ad-Hoc|x86.Build.0 = Release|Any CPU
		{8F373246-8DA5-430D-855F-78E12F599587}.Ad-Hoc|x86.Deploy.0 = Release|Any CPU
		{8F373246-8DA5-430D-855F-78E12F599587}.AppStore|Any CPU.ActiveCfg = Release|Any CPU
		{8F373246-8DA5-430D-855F-78E12F599587}.AppStore|Any CPU.Build.0 = Release|Any CPU
		{8F373246-8DA5-430D-855F-78E12F599587}.AppStore|Any CPU.Deploy.0 = Release|Any CPU
		{8F373246-8DA5-430D-855F-78E12F599587}.AppStore|ARM.ActiveCfg = Release|Any CPU
		{8F373246-8DA5-430D-855F-78E12F599587}.AppStore|ARM.Build.0 = Release|Any CPU
		{8F373246-8DA5-430D-855F-78E12F599587}.AppStore|ARM.Deploy.0 = Release|Any CPU
		{8F373246-8DA5-430D-855F-78E12F599587}.AppStore|iPhone.ActiveCfg = Release|Any CPU
		{8F373246-8DA5-430D-855F-78E12F599587}.AppStore|iPhone.Build.0 = Release|Any CPU
		{8F373246-8DA5-430D-855F-78E12F599587}.AppStore|iPhone.Deploy.0 = Release|Any CPU
		{8F373246-8DA5-430D-855F-78E12F599587}.AppStore|iPhoneSimulator.ActiveCfg = Release|Any CPU
		{8F373246-8DA5-430D-855F-78E12F599587}.AppStore|iPhoneSimulator.Build.0 = Release|Any CPU
		{8F373246-8DA5-430D-855F-78E12F599587}.AppStore|iPhoneSimulator.Deploy.0 = Release|Any CPU
		{8F373246-8DA5-430D-855F-78E12F599587}.AppStore|x86.ActiveCfg = Release|Any CPU
		{8F373246-8DA5-430D-855F-78E12F599587}.AppStore|x86.Build.0 = Release|Any CPU
		{8F373246-8DA5-430D-855F-78E12F599587}.AppStore|x86.Deploy.0 = Release|Any CPU
		{8F373246-8DA5-430D-855F-78E12F599587}.Debug|Any CPU.ActiveCfg = Debug|Any CPU
		{8F373246-8DA5-430D-855F-78E12F599587}.Debug|Any CPU.Build.0 = Debug|Any CPU
		{8F373246-8DA5-430D-855F-78E12F599587}.Debug|Any CPU.Deploy.0 = Debug|Any CPU
		{8F373246-8DA5-430D-855F-78E12F599587}.Debug|ARM.ActiveCfg = Debug|Any CPU
		{8F373246-8DA5-430D-855F-78E12F599587}.Debug|ARM.Build.0 = Debug|Any CPU
		{8F373246-8DA5-430D-855F-78E12F599587}.Debug|ARM.Deploy.0 = Debug|Any CPU
		{8F373246-8DA5-430D-855F-78E12F599587}.Debug|iPhone.ActiveCfg = Debug|Any CPU
		{8F373246-8DA5-430D-855F-78E12F599587}.Debug|iPhoneSimulator.ActiveCfg = Debug|Any CPU
		{8F373246-8DA5-430D-855F-78E12F599587}.Debug|iPhoneSimulator.Build.0 = Debug|Any CPU
		{8F373246-8DA5-430D-855F-78E12F599587}.Debug|iPhoneSimulator.Deploy.0 = Debug|Any CPU
		{8F373246-8DA5-430D-855F-78E12F599587}.Debug|x86.ActiveCfg = Debug|Any CPU
		{8F373246-8DA5-430D-855F-78E12F599587}.Debug|x86.Build.0 = Debug|Any CPU
		{8F373246-8DA5-430D-855F-78E12F599587}.Debug|x86.Deploy.0 = Debug|Any CPU
		{8F373246-8DA5-430D-855F-78E12F599587}.Release|Any CPU.ActiveCfg = Release|Any CPU
		{8F373246-8DA5-430D-855F-78E12F599587}.Release|Any CPU.Build.0 = Release|Any CPU
		{8F373246-8DA5-430D-855F-78E12F599587}.Release|Any CPU.Deploy.0 = Release|Any CPU
		{8F373246-8DA5-430D-855F-78E12F599587}.Release|ARM.ActiveCfg = Release|Any CPU
		{8F373246-8DA5-430D-855F-78E12F599587}.Release|ARM.Build.0 = Release|Any CPU
		{8F373246-8DA5-430D-855F-78E12F599587}.Release|ARM.Deploy.0 = Release|Any CPU
		{8F373246-8DA5-430D-855F-78E12F599587}.Release|iPhone.ActiveCfg = Release|Any CPU
		{8F373246-8DA5-430D-855F-78E12F599587}.Release|iPhone.Build.0 = Release|Any CPU
		{8F373246-8DA5-430D-855F-78E12F599587}.Release|iPhone.Deploy.0 = Release|Any CPU
		{8F373246-8DA5-430D-855F-78E12F599587}.Release|iPhoneSimulator.ActiveCfg = Release|Any CPU
		{8F373246-8DA5-430D-855F-78E12F599587}.Release|iPhoneSimulator.Build.0 = Release|Any CPU
		{8F373246-8DA5-430D-855F-78E12F599587}.Release|iPhoneSimulator.Deploy.0 = Release|Any CPU
		{8F373246-8DA5-430D-855F-78E12F599587}.Release|x86.ActiveCfg = Release|Any CPU
		{8F373246-8DA5-430D-855F-78E12F599587}.Release|x86.Build.0 = Release|Any CPU
		{8F373246-8DA5-430D-855F-78E12F599587}.Release|x86.Deploy.0 = Release|Any CPU
		{F0341589-B966-42B5-9A74-5986338BE2A7}.Ad-Hoc|Any CPU.ActiveCfg = Release|Any CPU
		{F0341589-B966-42B5-9A74-5986338BE2A7}.Ad-Hoc|Any CPU.Build.0 = Release|Any CPU
		{F0341589-B966-42B5-9A74-5986338BE2A7}.Ad-Hoc|Any CPU.Deploy.0 = Release|Any CPU
		{F0341589-B966-42B5-9A74-5986338BE2A7}.Ad-Hoc|ARM.ActiveCfg = Release|Any CPU
		{F0341589-B966-42B5-9A74-5986338BE2A7}.Ad-Hoc|ARM.Build.0 = Release|Any CPU
		{F0341589-B966-42B5-9A74-5986338BE2A7}.Ad-Hoc|ARM.Deploy.0 = Release|Any CPU
		{F0341589-B966-42B5-9A74-5986338BE2A7}.Ad-Hoc|iPhone.ActiveCfg = Release|Any CPU
		{F0341589-B966-42B5-9A74-5986338BE2A7}.Ad-Hoc|iPhone.Build.0 = Release|Any CPU
		{F0341589-B966-42B5-9A74-5986338BE2A7}.Ad-Hoc|iPhone.Deploy.0 = Release|Any CPU
		{F0341589-B966-42B5-9A74-5986338BE2A7}.Ad-Hoc|iPhoneSimulator.ActiveCfg = Release|Any CPU
		{F0341589-B966-42B5-9A74-5986338BE2A7}.Ad-Hoc|iPhoneSimulator.Build.0 = Release|Any CPU
		{F0341589-B966-42B5-9A74-5986338BE2A7}.Ad-Hoc|iPhoneSimulator.Deploy.0 = Release|Any CPU
		{F0341589-B966-42B5-9A74-5986338BE2A7}.Ad-Hoc|x86.ActiveCfg = Release|Any CPU
		{F0341589-B966-42B5-9A74-5986338BE2A7}.Ad-Hoc|x86.Build.0 = Release|Any CPU
		{F0341589-B966-42B5-9A74-5986338BE2A7}.Ad-Hoc|x86.Deploy.0 = Release|Any CPU
		{F0341589-B966-42B5-9A74-5986338BE2A7}.AppStore|Any CPU.ActiveCfg = Release|Any CPU
		{F0341589-B966-42B5-9A74-5986338BE2A7}.AppStore|Any CPU.Build.0 = Release|Any CPU
		{F0341589-B966-42B5-9A74-5986338BE2A7}.AppStore|Any CPU.Deploy.0 = Release|Any CPU
		{F0341589-B966-42B5-9A74-5986338BE2A7}.AppStore|ARM.ActiveCfg = Release|Any CPU
		{F0341589-B966-42B5-9A74-5986338BE2A7}.AppStore|ARM.Build.0 = Release|Any CPU
		{F0341589-B966-42B5-9A74-5986338BE2A7}.AppStore|ARM.Deploy.0 = Release|Any CPU
		{F0341589-B966-42B5-9A74-5986338BE2A7}.AppStore|iPhone.ActiveCfg = Release|Any CPU
		{F0341589-B966-42B5-9A74-5986338BE2A7}.AppStore|iPhone.Build.0 = Release|Any CPU
		{F0341589-B966-42B5-9A74-5986338BE2A7}.AppStore|iPhone.Deploy.0 = Release|Any CPU
		{F0341589-B966-42B5-9A74-5986338BE2A7}.AppStore|iPhoneSimulator.ActiveCfg = Release|Any CPU
		{F0341589-B966-42B5-9A74-5986338BE2A7}.AppStore|iPhoneSimulator.Build.0 = Release|Any CPU
		{F0341589-B966-42B5-9A74-5986338BE2A7}.AppStore|iPhoneSimulator.Deploy.0 = Release|Any CPU
		{F0341589-B966-42B5-9A74-5986338BE2A7}.AppStore|x86.ActiveCfg = Release|Any CPU
		{F0341589-B966-42B5-9A74-5986338BE2A7}.AppStore|x86.Build.0 = Release|Any CPU
		{F0341589-B966-42B5-9A74-5986338BE2A7}.AppStore|x86.Deploy.0 = Release|Any CPU
		{F0341589-B966-42B5-9A74-5986338BE2A7}.Debug|Any CPU.ActiveCfg = Debug|Any CPU
		{F0341589-B966-42B5-9A74-5986338BE2A7}.Debug|Any CPU.Build.0 = Debug|Any CPU
		{F0341589-B966-42B5-9A74-5986338BE2A7}.Debug|Any CPU.Deploy.0 = Debug|Any CPU
		{F0341589-B966-42B5-9A74-5986338BE2A7}.Debug|ARM.ActiveCfg = Debug|Any CPU
		{F0341589-B966-42B5-9A74-5986338BE2A7}.Debug|ARM.Build.0 = Debug|Any CPU
		{F0341589-B966-42B5-9A74-5986338BE2A7}.Debug|ARM.Deploy.0 = Debug|Any CPU
		{F0341589-B966-42B5-9A74-5986338BE2A7}.Debug|iPhone.ActiveCfg = Debug|Any CPU
		{F0341589-B966-42B5-9A74-5986338BE2A7}.Debug|iPhone.Build.0 = Debug|Any CPU
		{F0341589-B966-42B5-9A74-5986338BE2A7}.Debug|iPhoneSimulator.ActiveCfg = Debug|Any CPU
		{F0341589-B966-42B5-9A74-5986338BE2A7}.Debug|iPhoneSimulator.Build.0 = Debug|Any CPU
		{F0341589-B966-42B5-9A74-5986338BE2A7}.Debug|iPhoneSimulator.Deploy.0 = Debug|Any CPU
		{F0341589-B966-42B5-9A74-5986338BE2A7}.Debug|x86.ActiveCfg = Debug|Any CPU
		{F0341589-B966-42B5-9A74-5986338BE2A7}.Debug|x86.Build.0 = Debug|Any CPU
		{F0341589-B966-42B5-9A74-5986338BE2A7}.Debug|x86.Deploy.0 = Debug|Any CPU
		{F0341589-B966-42B5-9A74-5986338BE2A7}.Release|Any CPU.ActiveCfg = Release|Any CPU
		{F0341589-B966-42B5-9A74-5986338BE2A7}.Release|Any CPU.Build.0 = Release|Any CPU
		{F0341589-B966-42B5-9A74-5986338BE2A7}.Release|Any CPU.Deploy.0 = Release|Any CPU
		{F0341589-B966-42B5-9A74-5986338BE2A7}.Release|ARM.ActiveCfg = Release|Any CPU
		{F0341589-B966-42B5-9A74-5986338BE2A7}.Release|ARM.Build.0 = Release|Any CPU
		{F0341589-B966-42B5-9A74-5986338BE2A7}.Release|ARM.Deploy.0 = Release|Any CPU
		{F0341589-B966-42B5-9A74-5986338BE2A7}.Release|iPhone.ActiveCfg = Release|Any CPU
		{F0341589-B966-42B5-9A74-5986338BE2A7}.Release|iPhone.Build.0 = Release|Any CPU
		{F0341589-B966-42B5-9A74-5986338BE2A7}.Release|iPhone.Deploy.0 = Release|Any CPU
		{F0341589-B966-42B5-9A74-5986338BE2A7}.Release|iPhoneSimulator.ActiveCfg = Release|Any CPU
		{F0341589-B966-42B5-9A74-5986338BE2A7}.Release|iPhoneSimulator.Build.0 = Release|Any CPU
		{F0341589-B966-42B5-9A74-5986338BE2A7}.Release|iPhoneSimulator.Deploy.0 = Release|Any CPU
		{F0341589-B966-42B5-9A74-5986338BE2A7}.Release|x86.ActiveCfg = Release|Any CPU
		{F0341589-B966-42B5-9A74-5986338BE2A7}.Release|x86.Build.0 = Release|Any CPU
		{F0341589-B966-42B5-9A74-5986338BE2A7}.Release|x86.Deploy.0 = Release|Any CPU
	EndGlobalSection
	GlobalSection(SolutionProperties) = preSolution
		HideSolutionNode = FALSE
	EndGlobalSection
EndGlobal
